{
  "lib/forge-std": {
    "rev": "3b20d60d14b343ee4f908cb8079495c07f5e8981"
  },
  "lib/openzeppelin-contracts-upgradeable": {
    "rev": "e3ba7f6a236c55e3fb7e569ecd6043b11d567c3d"
  },
  "lib/openzeppelin-foundry-upgrades": {
    "rev": "cfd861bc18ef4737e82eae6ec75304e27af699ef"
  },
  "lib/solady": {
    "rev": "acd959aa4bd04720d640bf4e6a5c71037510cc4b"
  }
}